<?xml version="1.0" encoding="utf-8"?>
<Project ToolsVersion="12.0" xmlns="http://schemas.microsoft.com/developer/msbuild/2003">
  <ItemGroup>
    <Filter Include="Assets">
      <UniqueIdentifier>{d5f088b8-3d92-4554-aa1f-9e839a1a947b}</UniqueIdentifier>
      <Extensions>bmp;fbx;gif;jpg;jpeg;tga;tiff;tif;png</Extensions>
    </Filter>
    <Filter Include="Common">
      <UniqueIdentifier>{e23ea6a9-421c-49de-a9f9-3220121c4a12}</UniqueIdentifier>
    </Filter>
    <Filter Include="Util">
      <UniqueIdentifier>{dafac131-c01b-42ee-ba0e-5f66e977e8b6}</UniqueIdentifier>
    </Filter>
    <Filter Include="API">
      <UniqueIdentifier>{f057a5c9-3cd6-41a2-bbfb-05d728796371}</UniqueIdentifier>
    </Filter>
    <Filter Include="HTTP">
      <UniqueIdentifier>{589ad3e6-44d0-4b73-a071-8d3b6506e703}</UniqueIdentifier>
    </Filter>
  </ItemGroup>
  <ItemGroup>
    <ClCompile Include="MainPage.xaml.cpp" />
    <ClCompile Include="Common\NavigationHelper.cpp">
      <Filter>Common</Filter>
    </ClCompile>
    <ClCompile Include="Common\RelayCommand.cpp">
      <Filter>Common</Filter>
    </ClCompile>
    <ClCompile Include="Common\SuspensionManager.cpp">
      <Filter>Common</Filter>
    </ClCompile>
    <ClCompile Include="PhotoPage.xaml.cpp" />
    <ClCompile Include="EPubSdkApi.cpp">
      <Filter>API</Filter>
    </ClCompile>
    <ClCompile Include="WebViewController.cpp">
      <Filter>API</Filter>
    </ClCompile>
    <ClCompile Include="ReadiumStreamResolver.cpp">
      <Filter>HTTP</Filter>
    </ClCompile>
  </ItemGroup>
  <ItemGroup>
    <ClInclude Include="MainPage.xaml.h" />
    <ClInclude Include="Common\NavigationHelper.h">
      <Filter>Common</Filter>
    </ClInclude>
    <ClInclude Include="Common\RelayCommand.h">
      <Filter>Common</Filter>
    </ClInclude>
    <ClInclude Include="Common\SuspensionManager.h">
      <Filter>Common</Filter>
    </ClInclude>
    <ClInclude Include="PhotoPage.xaml.h" />
    <ClInclude Include="Log.h">
      <Filter>Util</Filter>
    </ClInclude>
    <ClInclude Include="EPubSdkApi.h">
      <Filter>API</Filter>
    </ClInclude>
    <ClInclude Include="WebViewController.h">
      <Filter>API</Filter>
    </ClInclude>
    <ClInclude Include="EPubViewerSettings.h">
      <Filter>API</Filter>
    </ClInclude>
    <ClInclude Include="EPubOpenPageRequest.h">
      <Filter>API</Filter>
    </ClInclude>
    <ClInclude Include="StringHelper.h">
      <Filter>Util</Filter>
    </ClInclude>
    <ClInclude Include="ReadiumStreamResolver.h">
      <Filter>HTTP</Filter>
    </ClInclude>
    <ClInclude Include="HttpServer.h">
      <Filter>HTTP</Filter>
    </ClInclude>
  </ItemGroup>
  <ItemGroup>
    <AppxManifest Include="Package.appxmanifest" />
  </ItemGroup>
  <ItemGroup>
    <None Include="ReadiumApp.Windows_TemporaryKey.pfx" />
    <None Include="Assets\readium-js\reader.html" />
    <None Include="Assets\readium-js\page.html" />
    <None Include="Assets\pr01.xhtml" />
    <None Include="Assets\readium-js\host_app_reference_files\sample_styles.css" />
    <None Include="Assets\readium-js\js\helpers.js" />
    <None Include="Assets\readium-js\js\readium_sdk.js" />
    <None Include="Assets\readium-js\lib\annotations_module.js" />
    <None Include="Assets\readium-js\lib\backbone.min.js" />
    <None Include="Assets\readium-js\lib\console_shim.js" />
    <None Include="Assets\readium-js\lib\jquery.sizes.js" />
    <None Include="Assets\readium-js\lib\epub_cfi.js" />
    <None Include="Assets\readium-js\lib\jquery-1.11.0.js" />
    <None Include="Assets\readium-js\lib\underscore.min.js" />
    <None Include="Assets\readium-js\lib\URI.js" />
    <None Include="Assets\readium-js\static\sdk.css" />
    <None Include="Assets\readium-js\ch01.xhtml" />
    <None Include="Assets\readium-js\host_app_feedback.js" />
    <None Include="Assets\ch01.xhtml" />
    <None Include="Assets\readium-js\js\models\bookmark_data.js" />
    <None Include="Assets\readium-js\js\models\current_pages_info.js" />
    <None Include="Assets\readium-js\js\models\fixed_page_spread.js" />
    <None Include="Assets\readium-js\js\models\media_overlay.js" />
    <None Include="Assets\readium-js\js\models\package.js" />
    <None Include="Assets\readium-js\js\models\package_data.js" />
    <None Include="Assets\readium-js\js\models\page_open_request.js" />
    <None Include="Assets\readium-js\js\models\smil_iterator.js" />
    <None Include="Assets\readium-js\js\models\smil_model.js" />
    <None Include="Assets\readium-js\js\models\spine.js" />
    <None Include="Assets\readium-js\js\models\spine_item.js" />
    <None Include="Assets\readium-js\js\models\style.js" />
    <None Include="Assets\readium-js\js\models\style_collection.js" />
    <None Include="Assets\readium-js\js\models\switches.js" />
    <None Include="Assets\readium-js\js\models\trigger.js" />
    <None Include="Assets\readium-js\js\models\viewer_settings.js" />
    <None Include="Assets\readium-js\js\views\annotations_manager.js" />
    <None Include="Assets\readium-js\js\views\audio_player.js" />
    <None Include="Assets\readium-js\js\views\cfi_navigation_logic.js" />
    <None Include="Assets\readium-js\js\views\fixed_view.js" />
    <None Include="Assets\readium-js\js\views\iframe_loader.js" />
    <None Include="Assets\readium-js\js\views\internal_links_support.js" />
    <None Include="Assets\readium-js\js\views\media_overlay_data_injector.js" />
    <None Include="Assets\readium-js\js\views\media_overlay_element_highlighter.js" />
    <None Include="Assets\readium-js\js\views\media_overlay_player.js" />
    <None Include="Assets\readium-js\js\views\one_page_view.js" />
    <None Include="Assets\readium-js\js\views\reader_view.js" />
    <None Include="Assets\readium-js\js\views\reflowable_view.js" />
    <None Include="Assets\readium-js\js\views\scroll_view.js" />
  </ItemGroup>
  <ItemGroup>
    <Image Include="Assets\Logo.scale-100.png">
      <Filter>Assets</Filter>
    </Image>
    <Image Include="Assets\SmallLogo.scale-100.png">
      <Filter>Assets</Filter>
    </Image>
    <Image Include="Assets\StoreLogo.scale-100.png">
      <Filter>Assets</Filter>
    </Image>
    <Image Include="Assets\SplashScreen.scale-100.png">
      <Filter>Assets</Filter>
    </Image>
    <Image Include="Assets\readium-js\Logo.scale-100.png">
      <Filter>Assets</Filter>
    </Image>
    <Image Include="Assets\readium-js\SmallLogo.scale-100.png">
      <Filter>Assets</Filter>
    </Image>
    <Image Include="Assets\readium-js\SplashScreen.scale-100.png">
      <Filter>Assets</Filter>
    </Image>
    <Image Include="Assets\readium-js\StoreLogo.scale-100.png">
      <Filter>Assets</Filter>
    </Image>
  </ItemGroup>
  <ItemGroup>
    <Page Include="MainPage.xaml" />
    <Page Include="PhotoPage.xaml" />
  </ItemGroup>
</Project>